
Microsoft Visual Studio Solution File, Format Version 12.00
# Visual Studio 15
Project("{FAE04EC0-301F-11D3-BF4B-00C04F79EFBC}") = "Assembly-CSharp", "Assembly-CSharp.csproj", "{F5858C12-890F-604B-8E6B-56EDB5CF4E5C}"
EndProject
Project("{FAE04EC0-301F-11D3-BF4B-00C04F79EFBC}") = "Assembly-CSharp-Editor", "Assembly-CSharp-Editor.csproj", "{597CC3CD-AFCF-2C66-9B41-00B77572BD58}"
EndProject
Global
	GlobalSection(SolutionConfigurationPlatforms) = preSolution
		Debug|Any CPU = Debug|Any CPU
		Release|Any CPU = Release|Any CPU
	EndGlobalSection
	GlobalSection(ProjectConfigurationPlatforms) = postSolution
		{F5858C12-890F-604B-8E6B-56EDB5CF4E5C}.Debug|Any CPU.ActiveCfg = Debug|Any CPU
		{F5858C12-890F-604B-8E6B-56EDB5CF4E5C}.Debug|Any CPU.Build.0 = Debug|Any CPU
		{F5858C12-890F-604B-8E6B-56EDB5CF4E5C}.Release|Any CPU.ActiveCfg = Release|Any CPU
		{F5858C12-890F-604B-8E6B-56EDB5CF4E5C}.Release|Any CPU.Build.0 = Release|Any CPU
		{597CC3CD-AFCF-2C66-9B41-00B77572BD58}.Debug|Any CPU.ActiveCfg = Debug|Any CPU
		{597CC3CD-AFCF-2C66-9B41-00B77572BD58}.Debug|Any CPU.Build.0 = Debug|Any CPU
		{597CC3CD-AFCF-2C66-9B41-00B77572BD58}.Release|Any CPU.ActiveCfg = Release|Any CPU
		{597CC3CD-AFCF-2C66-9B41-00B77572BD58}.Release|Any CPU.Build.0 = Release|Any CPU
	EndGlobalSection
	GlobalSection(SolutionProperties) = preSolution
		HideSolutionNode = FALSE
	EndGlobalSection
EndGlobal
